
Microsoft Visual Studio Solution File, Format Version 12.00
# Visual Studio 14
VisualStudioVersion = 14.0.24720.0
MinimumVisualStudioVersion = 10.0.40219.1
Project("{2150E333-8FDC-42A3-9474-1A3956D46DE8}") = "1-SPrinciple", "1-SPrinciple", "{49E82066-B8C2-4E91-9C26-52974201C332}"
EndProject
Project("{2150E333-8FDC-42A3-9474-1A3956D46DE8}") = "2-OPrinciple", "2-OPrinciple", "{8F8057EB-0C87-4AE1-BFC7-D7F236333C59}"
EndProject
Project("{2150E333-8FDC-42A3-9474-1A3956D46DE8}") = "3-LPrinciple", "3-LPrinciple", "{B14717B7-7FBA-4C15-B911-11DDA50825EF}"
EndProject
Project("{2150E333-8FDC-42A3-9474-1A3956D46DE8}") = "4-IPrinciple", "4-IPrinciple", "{0784DECF-40C7-40AA-86E3-2AD40643E2FC}"
EndProject
Project("{2150E333-8FDC-42A3-9474-1A3956D46DE8}") = "5-DPrinciple", "5-DPrinciple", "{F45E27D2-38B4-4F36-BF43-405466D1F74E}"
EndProject
Project("{FAE04EC0-301F-11D3-BF4B-00C04F79EFBC}") = "BadSOLID", "BadSOLID\BadSOLID.csproj", "{82620C83-EBBC-4EDD-990B-561F3CE8E190}"
EndProject
Project("{2150E333-8FDC-42A3-9474-1A3956D46DE8}") = "0-Bad SOLID", "0-Bad SOLID", "{9EF83AA4-39E2-4700-8A9C-C1584CCA6C51}"
EndProject
Project("{FAE04EC0-301F-11D3-BF4B-00C04F79EFBC}") = "SCorrection", "SCorrection\SCorrection.csproj", "{BB96A34A-85AC-4A29-85AD-8AF706BABF06}"
EndProject
Project("{FAE04EC0-301F-11D3-BF4B-00C04F79EFBC}") = "OCorrection", "OCorrection\OCorrection.csproj", "{71B44529-C54E-480F-BE81-8E82769D451D}"
EndProject
Project("{FAE04EC0-301F-11D3-BF4B-00C04F79EFBC}") = "LCorrection", "LCorrection\LCorrection.csproj", "{E94689A2-C6EE-4E7F-BFEB-67BE0A4178A8}"
EndProject
Project("{FAE04EC0-301F-11D3-BF4B-00C04F79EFBC}") = "ICorrection", "ICorrection\ICorrection.csproj", "{E2AC4EB5-8FEB-421C-82D4-4CA3A2669E1F}"
EndProject
Project("{FAE04EC0-301F-11D3-BF4B-00C04F79EFBC}") = "DCorrection", "DCorrection\DCorrection.csproj", "{9865101F-7E74-4BB6-9A26-39C33FD39AAE}"
EndProject
Global
	GlobalSection(SolutionConfigurationPlatforms) = preSolution
		Debug|Any CPU = Debug|Any CPU
		Release|Any CPU = Release|Any CPU
	EndGlobalSection
	GlobalSection(ProjectConfigurationPlatforms) = postSolution
		{82620C83-EBBC-4EDD-990B-561F3CE8E190}.Debug|Any CPU.ActiveCfg = Debug|Any CPU
		{82620C83-EBBC-4EDD-990B-561F3CE8E190}.Debug|Any CPU.Build.0 = Debug|Any CPU
		{82620C83-EBBC-4EDD-990B-561F3CE8E190}.Release|Any CPU.ActiveCfg = Release|Any CPU
		{82620C83-EBBC-4EDD-990B-561F3CE8E190}.Release|Any CPU.Build.0 = Release|Any CPU
		{BB96A34A-85AC-4A29-85AD-8AF706BABF06}.Debug|Any CPU.ActiveCfg = Debug|Any CPU
		{BB96A34A-85AC-4A29-85AD-8AF706BABF06}.Debug|Any CPU.Build.0 = Debug|Any CPU
		{BB96A34A-85AC-4A29-85AD-8AF706BABF06}.Release|Any CPU.ActiveCfg = Release|Any CPU
		{BB96A34A-85AC-4A29-85AD-8AF706BABF06}.Release|Any CPU.Build.0 = Release|Any CPU
		{71B44529-C54E-480F-BE81-8E82769D451D}.Debug|Any CPU.ActiveCfg = Debug|Any CPU
		{71B44529-C54E-480F-BE81-8E82769D451D}.Debug|Any CPU.Build.0 = Debug|Any CPU
		{71B44529-C54E-480F-BE81-8E82769D451D}.Release|Any CPU.ActiveCfg = Release|Any CPU
		{71B44529-C54E-480F-BE81-8E82769D451D}.Release|Any CPU.Build.0 = Release|Any CPU
		{E94689A2-C6EE-4E7F-BFEB-67BE0A4178A8}.Debug|Any CPU.ActiveCfg = Debug|Any CPU
		{E94689A2-C6EE-4E7F-BFEB-67BE0A4178A8}.Debug|Any CPU.Build.0 = Debug|Any CPU
		{E94689A2-C6EE-4E7F-BFEB-67BE0A4178A8}.Release|Any CPU.ActiveCfg = Release|Any CPU
		{E94689A2-C6EE-4E7F-BFEB-67BE0A4178A8}.Release|Any CPU.Build.0 = Release|Any CPU
		{E2AC4EB5-8FEB-421C-82D4-4CA3A2669E1F}.Debug|Any CPU.ActiveCfg = Debug|Any CPU
		{E2AC4EB5-8FEB-421C-82D4-4CA3A2669E1F}.Debug|Any CPU.Build.0 = Debug|Any CPU
		{E2AC4EB5-8FEB-421C-82D4-4CA3A2669E1F}.Release|Any CPU.ActiveCfg = Release|Any CPU
		{E2AC4EB5-8FEB-421C-82D4-4CA3A2669E1F}.Release|Any CPU.Build.0 = Release|Any CPU
		{9865101F-7E74-4BB6-9A26-39C33FD39AAE}.Debug|Any CPU.ActiveCfg = Debug|Any CPU
		{9865101F-7E74-4BB6-9A26-39C33FD39AAE}.Debug|Any CPU.Build.0 = Debug|Any CPU
		{9865101F-7E74-4BB6-9A26-39C33FD39AAE}.Release|Any CPU.ActiveCfg = Release|Any CPU
		{9865101F-7E74-4BB6-9A26-39C33FD39AAE}.Release|Any CPU.Build.0 = Release|Any CPU
	EndGlobalSection
	GlobalSection(SolutionProperties) = preSolution
		HideSolutionNode = FALSE
	EndGlobalSection
	GlobalSection(NestedProjects) = preSolution
		{82620C83-EBBC-4EDD-990B-561F3CE8E190} = {9EF83AA4-39E2-4700-8A9C-C1584CCA6C51}
		{BB96A34A-85AC-4A29-85AD-8AF706BABF06} = {49E82066-B8C2-4E91-9C26-52974201C332}
		{71B44529-C54E-480F-BE81-8E82769D451D} = {8F8057EB-0C87-4AE1-BFC7-D7F236333C59}
		{E94689A2-C6EE-4E7F-BFEB-67BE0A4178A8} = {B14717B7-7FBA-4C15-B911-11DDA50825EF}
		{E2AC4EB5-8FEB-421C-82D4-4CA3A2669E1F} = {0784DECF-40C7-40AA-86E3-2AD40643E2FC}
		{9865101F-7E74-4BB6-9A26-39C33FD39AAE} = {F45E27D2-38B4-4F36-BF43-405466D1F74E}
	EndGlobalSection
EndGlobal
